
Microsoft Visual Studio Solution File, Format Version 12.00
# Visual Studio 15
VisualStudioVersion = 15.0.28010.2041
MinimumVisualStudioVersion = 10.0.40219.1
Project("{9092AA53-FB77-4645-B42D-1CCCA6BD08BD}") = "Exercicicio Acabado", "Exercicicio Acabado\Exercicicio Acabado.njsproj", "{AE339DCB-62ED-457F-B067-61F1834C8D0B}"
EndProject
Global
	GlobalSection(SolutionConfigurationPlatforms) = preSolution
		Debug|Any CPU = Debug|Any CPU
		Release|Any CPU = Release|Any CPU
	EndGlobalSection
	GlobalSection(ProjectConfigurationPlatforms) = postSolution
		{AE339DCB-62ED-457F-B067-61F1834C8D0B}.Debug|Any CPU.ActiveCfg = Debug|Any CPU
		{AE339DCB-62ED-457F-B067-61F1834C8D0B}.Debug|Any CPU.Build.0 = Debug|Any CPU
		{AE339DCB-62ED-457F-B067-61F1834C8D0B}.Release|Any CPU.ActiveCfg = Release|Any CPU
		{AE339DCB-62ED-457F-B067-61F1834C8D0B}.Release|Any CPU.Build.0 = Release|Any CPU
	EndGlobalSection
	GlobalSection(SolutionProperties) = preSolution
		HideSolutionNode = FALSE
	EndGlobalSection
	GlobalSection(ExtensibilityGlobals) = postSolution
		SolutionGuid = {17621C38-A122-4083-BC9D-E9E5AE3EF830}
	EndGlobalSection
EndGlobal
